{
  "lockfileVersion": 1,
  "workspaces": {
    "": {
      "dependencies": {
        "@sparkjsdev/spark": "^0.1.10",
      },
    },
  },
  "packages": {
    "@sparkjsdev/spark": ["@sparkjsdev/spark@0.1.10", "", { "dependencies": { "fflate": "^0.8.2" } }, "sha512-CiijdZQuj7KPDUqIZPiEqyUkJCYo1JqR05vq/V+ElxMwqR7L70ZuZDyIKcasjZHSiPB8pGRMH8HZGqUKO9aRPQ=="],

    "fflate": ["fflate@0.8.2", "", {}, "sha512-cPJU47OaAoCbg0pBvzsgpTPhmhqI5eJjh/JIu8tPj5q+T7iLvW/JAYUqmE7KOB4R1ZyEhzBaIQpQpardBF5z8A=="],
  }
}
